
Microsoft Visual Studio Solution File, Format Version 12.00
# Visual Studio Version 17
VisualStudioVersion = 17.14.36414.22 d17.14
MinimumVisualStudioVersion = 10.0.40219.1
Project("{FAE04EC0-301F-11D3-BF4B-00C04F79EFBC}") = "fnGetAllMovies", "fnGetAllMovies\fnGetAllMovies.csproj", "{78853454-3533-43BA-9EFD-B73AE7692866}"
EndProject
Global
	GlobalSection(SolutionConfigurationPlatforms) = preSolution
		Debug|Any CPU = Debug|Any CPU
		Release|Any CPU = Release|Any CPU
	EndGlobalSection
	GlobalSection(ProjectConfigurationPlatforms) = postSolution
		{78853454-3533-43BA-9EFD-B73AE7692866}.Debug|Any CPU.ActiveCfg = Debug|Any CPU
		{78853454-3533-43BA-9EFD-B73AE7692866}.Debug|Any CPU.Build.0 = Debug|Any CPU
		{78853454-3533-43BA-9EFD-B73AE7692866}.Release|Any CPU.ActiveCfg = Release|Any CPU
		{78853454-3533-43BA-9EFD-B73AE7692866}.Release|Any CPU.Build.0 = Release|Any CPU
	EndGlobalSection
	GlobalSection(SolutionProperties) = preSolution
		HideSolutionNode = FALSE
	EndGlobalSection
	GlobalSection(ExtensibilityGlobals) = postSolution
		SolutionGuid = {42B35A7C-E838-4915-B05B-38784939E3A4}
	EndGlobalSection
EndGlobal
