
Microsoft Visual Studio Solution File, Format Version 12.00
# Visual Studio Version 17
VisualStudioVersion = 17.14.36414.22 d17.14
MinimumVisualStudioVersion = 10.0.40219.1
Project("{FAE04EC0-301F-11D3-BF4B-00C04F79EFBC}") = "fnPostDatabase", "fnPostDatabase\fnPostDatabase.csproj", "{31990407-3BAA-498B-85C0-0E7A1769EF1B}"
EndProject
Global
	GlobalSection(SolutionConfigurationPlatforms) = preSolution
		Debug|Any CPU = Debug|Any CPU
		Release|Any CPU = Release|Any CPU
	EndGlobalSection
	GlobalSection(ProjectConfigurationPlatforms) = postSolution
		{31990407-3BAA-498B-85C0-0E7A1769EF1B}.Debug|Any CPU.ActiveCfg = Debug|Any CPU
		{31990407-3BAA-498B-85C0-0E7A1769EF1B}.Debug|Any CPU.Build.0 = Debug|Any CPU
		{31990407-3BAA-498B-85C0-0E7A1769EF1B}.Release|Any CPU.ActiveCfg = Release|Any CPU
		{31990407-3BAA-498B-85C0-0E7A1769EF1B}.Release|Any CPU.Build.0 = Release|Any CPU
	EndGlobalSection
	GlobalSection(SolutionProperties) = preSolution
		HideSolutionNode = FALSE
	EndGlobalSection
	GlobalSection(ExtensibilityGlobals) = postSolution
		SolutionGuid = {038CB42F-9EED-4841-B056-F3CC6CC592E6}
	EndGlobalSection
EndGlobal
